
Microsoft Visual Studio Solution File, Format Version 12.00
# Visual Studio Version 17
VisualStudioVersion = 17.3.32922.545
MinimumVisualStudioVersion = 10.0.40219.1
Project("{2150E333-8FDC-42A3-9474-1A3956D46DE8}") = "src", "src", "{863EDB89-1C09-4F98-ABB3-60E4D9161CE6}"
EndProject
Project("{2150E333-8FDC-42A3-9474-1A3956D46DE8}") = "tests", "tests", "{2042D11B-993A-4707-90DF-A8753AA0CCA3}"
EndProject
Project("{FAE04EC0-301F-11D3-BF4B-00C04F79EFBC}") = "WebShop.Core", "WebShop.Core\WebShop.Core.csproj", "{F55F0A8D-2CD1-408D-A308-55D74DC32635}"
EndProject
Project("{FAE04EC0-301F-11D3-BF4B-00C04F79EFBC}") = "WebShop.Infra", "WebShop.Infra\WebShop.Infra.csproj", "{918DD957-B55E-400F-ACA9-EDF2B6DBB624}"
EndProject
Project("{FAE04EC0-301F-11D3-BF4B-00C04F79EFBC}") = "WebShop.MVC", "WebShop.MVC\WebShop.MVC.csproj", "{B3D8E313-42A7-46CC-AE02-5801A52208BB}"
EndProject
Project("{2150E333-8FDC-42A3-9474-1A3956D46DE8}") = "Solution Items", "Solution Items", "{0AA64832-C564-495E-BABF-AE2C3215DB87}"
	ProjectSection(SolutionItems) = preProject
		editorconfig = editorconfig
		global.json = global.json
	EndProjectSection
EndProject
Global
	GlobalSection(SolutionConfigurationPlatforms) = preSolution
		Debug|Any CPU = Debug|Any CPU
		Release|Any CPU = Release|Any CPU
	EndGlobalSection
	GlobalSection(ProjectConfigurationPlatforms) = postSolution
		{F55F0A8D-2CD1-408D-A308-55D74DC32635}.Debug|Any CPU.ActiveCfg = Debug|Any CPU
		{F55F0A8D-2CD1-408D-A308-55D74DC32635}.Debug|Any CPU.Build.0 = Debug|Any CPU
		{F55F0A8D-2CD1-408D-A308-55D74DC32635}.Release|Any CPU.ActiveCfg = Release|Any CPU
		{F55F0A8D-2CD1-408D-A308-55D74DC32635}.Release|Any CPU.Build.0 = Release|Any CPU
		{918DD957-B55E-400F-ACA9-EDF2B6DBB624}.Debug|Any CPU.ActiveCfg = Debug|Any CPU
		{918DD957-B55E-400F-ACA9-EDF2B6DBB624}.Debug|Any CPU.Build.0 = Debug|Any CPU
		{918DD957-B55E-400F-ACA9-EDF2B6DBB624}.Release|Any CPU.ActiveCfg = Release|Any CPU
		{918DD957-B55E-400F-ACA9-EDF2B6DBB624}.Release|Any CPU.Build.0 = Release|Any CPU
		{B3D8E313-42A7-46CC-AE02-5801A52208BB}.Debug|Any CPU.ActiveCfg = Debug|Any CPU
		{B3D8E313-42A7-46CC-AE02-5801A52208BB}.Debug|Any CPU.Build.0 = Debug|Any CPU
		{B3D8E313-42A7-46CC-AE02-5801A52208BB}.Release|Any CPU.ActiveCfg = Release|Any CPU
		{B3D8E313-42A7-46CC-AE02-5801A52208BB}.Release|Any CPU.Build.0 = Release|Any CPU
	EndGlobalSection
	GlobalSection(SolutionProperties) = preSolution
		HideSolutionNode = FALSE
	EndGlobalSection
	GlobalSection(NestedProjects) = preSolution
		{F55F0A8D-2CD1-408D-A308-55D74DC32635} = {863EDB89-1C09-4F98-ABB3-60E4D9161CE6}
		{918DD957-B55E-400F-ACA9-EDF2B6DBB624} = {863EDB89-1C09-4F98-ABB3-60E4D9161CE6}
		{B3D8E313-42A7-46CC-AE02-5801A52208BB} = {863EDB89-1C09-4F98-ABB3-60E4D9161CE6}
	EndGlobalSection
	GlobalSection(ExtensibilityGlobals) = postSolution
		SolutionGuid = {90AEB0A0-FF15-472F-BA0F-D53FAFFEB808}
	EndGlobalSection
EndGlobal
